
Microsoft Visual Studio Solution File, Format Version 12.00
# Visual Studio Version 17
VisualStudioVersion = 17.9.34622.214
MinimumVisualStudioVersion = 10.0.40219.1
Project("{FAE04EC0-301F-11D3-BF4B-00C04F79EFBC}") = "AspNet_NTier_YazOkulu", "AspNet_NTier_YazOkulu\AspNet_NTier_YazOkulu.csproj", "{C6C068C9-2D8B-46AE-A984-C759A1389333}"
EndProject
Global
	GlobalSection(SolutionConfigurationPlatforms) = preSolution
		Debug|Any CPU = Debug|Any CPU
		Release|Any CPU = Release|Any CPU
	EndGlobalSection
	GlobalSection(ProjectConfigurationPlatforms) = postSolution
		{C6C068C9-2D8B-46AE-A984-C759A1389333}.Debug|Any CPU.ActiveCfg = Debug|Any CPU
		{C6C068C9-2D8B-46AE-A984-C759A1389333}.Debug|Any CPU.Build.0 = Debug|Any CPU
		{C6C068C9-2D8B-46AE-A984-C759A1389333}.Release|Any CPU.ActiveCfg = Release|Any CPU
		{C6C068C9-2D8B-46AE-A984-C759A1389333}.Release|Any CPU.Build.0 = Release|Any CPU
	EndGlobalSection
	GlobalSection(SolutionProperties) = preSolution
		HideSolutionNode = FALSE
	EndGlobalSection
	GlobalSection(ExtensibilityGlobals) = postSolution
		SolutionGuid = {7F5FE8C4-AFD4-4D47-805F-72AD9C0D0387}
	EndGlobalSection
EndGlobal
